// !$*UTF8*$!
{
	archiveVersion = 1;
	classes = {
	};
	objectVersion = 50;
	objects = {

/* Begin PBXBuildFile section */
		9A5690E220C38FCA00C6E3FB /* SetCardView.swift in Sources */ = {isa = PBXBuildFile; fileRef = 9A5690E120C38FCA00C6E3FB /* SetCardView.swift */; };
		9A5690E420C3930900C6E3FB /* SetGameViewController.swift in Sources */ = {isa = PBXBuildFile; fileRef = 9A5690E320C3930900C6E3FB /* SetGameViewController.swift */; };
		BC1B1C1020B24A6E00ED2471 /* AppDelegate.swift in Sources */ = {isa = PBXBuildFile; fileRef = BC1B1C0F20B24A6E00ED2471 /* AppDelegate.swift */; };
		BC1B1C1220B24A6E00ED2471 /* ViewController.swift in Sources */ = {isa = PBXBuildFile; fileRef = BC1B1C1120B24A6E00ED2471 /* ViewController.swift */; };
		BC1B1C1520B24A6E00ED2471 /* Main.storyboard in Resources */ = {isa = PBXBuildFile; fileRef = BC1B1C1320B24A6E00ED2471 /* Main.storyboard */; };
		BC1B1C1720B24A7000ED2471 /* Assets.xcassets in Resources */ = {isa = PBXBuildFile; fileRef = BC1B1C1620B24A7000ED2471 /* Assets.xcassets */; };
		BC1B1C1A20B24A7000ED2471 /* LaunchScreen.storyboard in Resources */ = {isa = PBXBuildFile; fileRef = BC1B1C1820B24A7000ED2471 /* LaunchScreen.storyboard */; };
		BC1B1C2420B262FC00ED2471 /* Card.swift in Sources */ = {isa = PBXBuildFile; fileRef = BC1B1C2320B262FC00ED2471 /* Card.swift */; };
		BC1B1C2620B2636700ED2471 /* set-game.swift in Sources */ = {isa = PBXBuildFile; fileRef = BC1B1C2520B2636700ED2471 /* set-game.swift */; };
		BCDAE70120B5631C002AB420 /* buttonTitle.swift in Sources */ = {isa = PBXBuildFile; fileRef = BCDAE70020B5631C002AB420 /* buttonTitle.swift */; };
/* End PBXBuildFile section */

/* Begin PBXFileReference section */
		9A5690E120C38FCA00C6E3FB /* SetCardView.swift */ = {isa = PBXFileReference; lastKnownFileType = sourcecode.swift; path = SetCardView.swift; sourceTree = "<group>"; };
		9A5690E320C3930900C6E3FB /* SetGameViewController.swift */ = {isa = PBXFileReference; lastKnownFileType = sourcecode.swift; path = SetGameViewController.swift; sourceTree = "<group>"; };
		BC1B1C0C20B24A6E00ED2471 /* set-game.app */ = {isa = PBXFileReference; explicitFileType = wrapper.application; includeInIndex = 0; path = "set-game.app"; sourceTree = BUILT_PRODUCTS_DIR; };
		BC1B1C0F20B24A6E00ED2471 /* AppDelegate.swift */ = {isa = PBXFileReference; lastKnownFileType = sourcecode.swift; path = AppDelegate.swift; sourceTree = "<group>"; };
		BC1B1C1120B24A6E00ED2471 /* ViewController.swift */ = {isa = PBXFileReference; lastKnownFileType = sourcecode.swift; path = ViewController.swift; sourceTree = "<group>"; };
		BC1B1C1420B24A6E00ED2471 /* Base */ = {isa = PBXFileReference; lastKnownFileType = file.storyboard; name = Base; path = Base.lproj/Main.storyboard; sourceTree = "<group>"; };
		BC1B1C1620B24A7000ED2471 /* Assets.xcassets */ = {isa = PBXFileReference; lastKnownFileType = folder.assetcatalog; path = Assets.xcassets; sourceTree = "<group>"; };
		BC1B1C1920B24A7000ED2471 /* Base */ = {isa = PBXFileReference; lastKnownFileType = file.storyboard; name = Base; path = Base.lproj/LaunchScreen.storyboard; sourceTree = "<group>"; };
		BC1B1C1B20B24A7000ED2471 /* Info.plist */ = {isa = PBXFileReference; lastKnownFileType = text.plist.xml; path = Info.plist; sourceTree = "<group>"; };
		BC1B1C2320B262FC00ED2471 /* Card.swift */ = {isa = PBXFileReference; lastKnownFileType = sourcecode.swift; path = Card.swift; sourceTree = "<group>"; };
		BC1B1C2520B2636700ED2471 /* set-game.swift */ = {isa = PBXFileReference; lastKnownFileType = sourcecode.swift; path = "set-game.swift"; sourceTree = "<group>"; };
		BCDAE70020B5631C002AB420 /* buttonTitle.swift */ = {isa = PBXFileReference; lastKnownFileType = sourcecode.swift; path = buttonTitle.swift; sourceTree = "<group>"; };
/* End PBXFileReference section */

/* Begin PBXFrameworksBuildPhase section */
		BC1B1C0920B24A6E00ED2471 /* Frameworks */ = {
			isa = PBXFrameworksBuildPhase;
			buildActionMask = 2147483647;
			files = (
			);
			runOnlyForDeploymentPostprocessing = 0;
		};
/* End PBXFrameworksBuildPhase section */

/* Begin PBXGroup section */
		BC1B1C0320B24A6E00ED2471 = {
			isa = PBXGroup;
			children = (
				BC1B1C0E20B24A6E00ED2471 /* set-game */,
				BC1B1C0D20B24A6E00ED2471 /* Products */,
			);
			sourceTree = "<group>";
		};
		BC1B1C0D20B24A6E00ED2471 /* Products */ = {
			isa = PBXGroup;
			children = (
				BC1B1C0C20B24A6E00ED2471 /* set-game.app */,
			);
			name = Products;
			sourceTree = "<group>";
		};
		BC1B1C0E20B24A6E00ED2471 /* set-game */ = {
			isa = PBXGroup;
			children = (
				BC1B1C0F20B24A6E00ED2471 /* AppDelegate.swift */,
				BC1B1C1120B24A6E00ED2471 /* ViewController.swift */,
				BC1B1C1320B24A6E00ED2471 /* Main.storyboard */,
				BC1B1C1620B24A7000ED2471 /* Assets.xcassets */,
				BC1B1C1820B24A7000ED2471 /* LaunchScreen.storyboard */,
				BC1B1C1B20B24A7000ED2471 /* Info.plist */,
				BC1B1C2320B262FC00ED2471 /* Card.swift */,
				BC1B1C2520B2636700ED2471 /* set-game.swift */,
				BCDAE70020B5631C002AB420 /* buttonTitle.swift */,
				9A5690E120C38FCA00C6E3FB /* SetCardView.swift */,
				9A5690E320C3930900C6E3FB /* SetGameViewController.swift */,
			);
			path = "set-game";
			sourceTree = "<group>";
		};
/* End PBXGroup section */

/* Begin PBXNativeTarget section */
		BC1B1C0B20B24A6E00ED2471 /* set-game */ = {
			isa = PBXNativeTarget;
			buildConfigurationList = BC1B1C1E20B24A7000ED2471 /* Build configuration list for PBXNativeTarget "set-game" */;
			buildPhases = (
				BC1B1C0820B24A6E00ED2471 /* Sources */,
				BC1B1C0920B24A6E00ED2471 /* Frameworks */,
				BC1B1C0A20B24A6E00ED2471 /* Resources */,
			);
			buildRules = (
			);
			dependencies = (
			);
			name = "set-game";
			productName = "set-game";
			productReference = BC1B1C0C20B24A6E00ED2471 /* set-game.app */;
			productType = "com.apple.product-type.application";
		};
/* End PBXNativeTarget section */

/* Begin PBXProject section */
		BC1B1C0420B24A6E00ED2471 /* Project object */ = {
			isa = PBXProject;
			attributes = {
				LastSwiftUpdateCheck = 0930;
				LastUpgradeCheck = 0930;
				ORGANIZATIONNAME = "Lei Fu";
				TargetAttributes = {
					BC1B1C0B20B24A6E00ED2471 = {
						CreatedOnToolsVersion = 9.3;
					};
				};
			};
			buildConfigurationList = BC1B1C0720B24A6E00ED2471 /* Build configuration list for PBXProject "set-game" */;
			compatibilityVersion = "Xcode 9.3";
			developmentRegion = en;
			hasScannedForEncodings = 0;
			knownRegions = (
				en,
				Base,
			);
			mainGroup = BC1B1C0320B24A6E00ED2471;
			productRefGroup = BC1B1C0D20B24A6E00ED2471 /* Products */;
			projectDirPath = "";
			projectRoot = "";
			targets = (
				BC1B1C0B20B24A6E00ED2471 /* set-game */,
			);
		};
/* End PBXProject section */

/* Begin PBXResourcesBuildPhase section */
		BC1B1C0A20B24A6E00ED2471 /* Resources */ = {
			isa = PBXResourcesBuildPhase;
			buildActionMask = 2147483647;
			files = (
				BC1B1C1A20B24A7000ED2471 /* LaunchScreen.storyboard in Resources */,
				BC1B1C1720B24A7000ED2471 /* Assets.xcassets in Resources */,
				BC1B1C1520B24A6E00ED2471 /* Main.storyboard in Resources */,
			);
			runOnlyForDeploymentPostprocessing = 0;
		};
/* End PBXResourcesBuildPhase section */

/* Begin PBXSourcesBuildPhase section */
		BC1B1C0820B24A6E00ED2471 /* Sources */ = {
			isa = PBXSourcesBuildPhase;
			buildActionMask = 2147483647;
			files = (
				BCDAE70120B5631C002AB420 /* buttonTitle.swift in Sources */,
				9A5690E220C38FCA00C6E3FB /* SetCardView.swift in Sources */,
				BC1B1C2620B2636700ED2471 /* set-game.swift in Sources */,
				BC1B1C1220B24A6E00ED2471 /* ViewController.swift in Sources */,
				BC1B1C2420B262FC00ED2471 /* Card.swift in Sources */,
				BC1B1C1020B24A6E00ED2471 /* AppDelegate.swift in Sources */,
				9A5690E420C3930900C6E3FB /* SetGameViewController.swift in Sources */,
			);
			runOnlyForDeploymentPostprocessing = 0;
		};
/* End PBXSourcesBuildPhase section */

/* Begin PBXVariantGroup section */
		BC1B1C1320B24A6E00ED2471 /* Main.storyboard */ = {
			isa = PBXVariantGroup;
			children = (
				BC1B1C1420B24A6E00ED2471 /* Base */,
			);
			name = Main.storyboard;
			sourceTree = "<group>";
		};
		BC1B1C1820B24A7000ED2471 /* LaunchScreen.storyboard */ = {
			isa = PBXVariantGroup;
			children = (
				BC1B1C1920B24A7000ED2471 /* Base */,
			);
			name = LaunchScreen.storyboard;
			sourceTree = "<group>";
		};
/* End PBXVariantGroup section */

/* Begin XCBuildConfiguration section */
		BC1B1C1C20B24A7000ED2471 /* Debug */ = {
			isa = XCBuildConfiguration;
			buildSettings = {
				ALWAYS_SEARCH_USER_PATHS = NO;
				CLANG_ANALYZER_NONNULL = YES;
				CLANG_ANALYZER_NUMBER_OBJECT_CONVERSION = YES_AGGRESSIVE;
				CLANG_CXX_LANGUAGE_STANDARD = "gnu++14";
				CLANG_CXX_LIBRARY = "libc++";
				CLANG_ENABLE_MODULES = YES;
				CLANG_ENABLE_OBJC_ARC = YES;
				CLANG_ENABLE_OBJC_WEAK = YES;
				CLANG_WARN_BLOCK_CAPTURE_AUTORELEASING = YES;
				CLANG_WARN_BOOL_CONVERSION = YES;
				CLANG_WARN_COMMA = YES;
				CLANG_WARN_CONSTANT_CONVERSION = YES;
				CLANG_WARN_DEPRECATED_OBJC_IMPLEMENTATIONS = YES;
				CLANG_WARN_DIRECT_OBJC_ISA_USAGE = YES_ERROR;
				CLANG_WARN_DOCUMENTATION_COMMENTS = YES;
				CLANG_WARN_EMPTY_BODY = YES;
				CLANG_WARN_ENUM_CONVERSION = YES;
				CLANG_WARN_INFINITE_RECURSION = YES;
				CLANG_WARN_INT_CONVERSION = YES;
				CLANG_WARN_NON_LITERAL_NULL_CONVERSION = YES;
				CLANG_WARN_OBJC_IMPLICIT_RETAIN_SELF = YES;
				CLANG_WARN_OBJC_LITERAL_CONVERSION = YES;
				CLANG_WARN_OBJC_ROOT_CLASS = YES_ERROR;
				CLANG_WARN_RANGE_LOOP_ANALYSIS = YES;
				CLANG_WARN_STRICT_PROTOTYPES = YES;
				CLANG_WARN_SUSPICIOUS_MOVE = YES;
				CLANG_WARN_UNGUARDED_AVAILABILITY = YES_AGGRESSIVE;
				CLANG_WARN_UNREACHABLE_CODE = YES;
				CLANG_WARN__DUPLICATE_METHOD_MATCH = YES;
				CODE_SIGN_IDENTITY = "iPhone Developer";
				COPY_PHASE_STRIP = NO;
				DEBUG_INFORMATION_FORMAT = dwarf;
				ENABLE_STRICT_OBJC_MSGSEND = YES;
				ENABLE_TESTABILITY = YES;
				GCC_C_LANGUAGE_STANDARD = gnu11;
				GCC_DYNAMIC_NO_PIC = NO;
				GCC_NO_COMMON_BLOCKS = YES;
				GCC_OPTIMIZATION_LEVEL = 0;
				GCC_PREPROCESSOR_DEFINITIONS = (
					"DEBUG=1",
					"$(inherited)",
				);
				GCC_WARN_64_TO_32_BIT_CONVERSION = YES;
				GCC_WARN_ABOUT_RETURN_TYPE = YES_ERROR;
				GCC_WARN_UNDECLARED_SELECTOR = YES;
				GCC_WARN_UNINITIALIZED_AUTOS = YES_AGGRESSIVE;
				GCC_WARN_UNUSED_FUNCTION = YES;
				GCC_WARN_UNUSED_VARIABLE = YES;
				IPHONEOS_DEPLOYMENT_TARGET = 11.3;
				MTL_ENABLE_DEBUG_INFO = YES;
				ONLY_ACTIVE_ARCH = YES;
				SDKROOT = iphoneos;
				SWIFT_ACTIVE_COMPILATION_CONDITIONS = DEBUG;
				SWIFT_OPTIMIZATION_LEVEL = "-Onone";
			};
			name = Debug;
		};
		BC1B1C1D20B24A7000ED2471 /* Release */ = {
			isa = XCBuildConfiguration;
			buildSettings = {
				ALWAYS_SEARCH_USER_PATHS = NO;
				CLANG_ANALYZER_NONNULL = YES;
				CLANG_ANALYZER_NUMBER_OBJECT_CONVERSION = YES_AGGRESSIVE;
				CLANG_CXX_LANGUAGE_STANDARD = "gnu++14";
				CLANG_CXX_LIBRARY = "libc++";
				CLANG_ENABLE_MODULES = YES;
				CLANG_ENABLE_OBJC_ARC = YES;
				CLANG_ENABLE_OBJC_WEAK = YES;
				CLANG_WARN_BLOCK_CAPTURE_AUTORELEASING = YES;
				CLANG_WARN_BOOL_CONVERSION = YES;
				CLANG_WARN_COMMA = YES;
				CLANG_WARN_CONSTANT_CONVERSION = YES;
				CLANG_WARN_DEPRECATED_OBJC_IMPLEMENTATIONS = YES;
				CLANG_WARN_DIRECT_OBJC_ISA_USAGE = YES_ERROR;
				CLANG_WARN_DOCUMENTATION_COMMENTS = YES;
				CLANG_WARN_EMPTY_BODY = YES;
				CLANG_WARN_ENUM_CONVERSION = YES;
				CLANG_WARN_INFINITE_RECURSION = YES;
				CLANG_WARN_INT_CONVERSION = YES;
				CLANG_WARN_NON_LITERAL_NULL_CONVERSION = YES;
				CLANG_WARN_OBJC_IMPLICIT_RETAIN_SELF = YES;
				CLANG_WARN_OBJC_LITERAL_CONVERSION = YES;
				CLANG_WARN_OBJC_ROOT_CLASS = YES_ERROR;
				CLANG_WARN_RANGE_LOOP_ANALYSIS = YES;
				CLANG_WARN_STRICT_PROTOTYPES = YES;
				CLANG_WARN_SUSPICIOUS_MOVE = YES;
				CLANG_WARN_UNGUARDED_AVAILABILITY = YES_AGGRESSIVE;
				CLANG_WARN_UNREACHABLE_CODE = YES;
				CLANG_WARN__DUPLICATE_METHOD_MATCH = YES;
				CODE_SIGN_IDENTITY = "iPhone Developer";
				COPY_PHASE_STRIP = NO;
				DEBUG_INFORMATION_FORMAT = "dwarf-with-dsym";
				ENABLE_NS_ASSERTIONS = NO;
				ENABLE_STRICT_OBJC_MSGSEND = YES;
				GCC_C_LANGUAGE_STANDARD = gnu11;
				GCC_NO_COMMON_BLOCKS = YES;
				GCC_WARN_64_TO_32_BIT_CONVERSION = YES;
				GCC_WARN_ABOUT_RETURN_TYPE = YES_ERROR;
				GCC_WARN_UNDECLARED_SELECTOR = YES;
				GCC_WARN_UNINITIALIZED_AUTOS = YES_AGGRESSIVE;
				GCC_WARN_UNUSED_FUNCTION = YES;
				GCC_WARN_UNUSED_VARIABLE = YES;
				IPHONEOS_DEPLOYMENT_TARGET = 11.3;
				MTL_ENABLE_DEBUG_INFO = NO;
				SDKROOT = iphoneos;
				SWIFT_COMPILATION_MODE = wholemodule;
				SWIFT_OPTIMIZATION_LEVEL = "-O";
				VALIDATE_PRODUCT = YES;
			};
			name = Release;
		};
		BC1B1C1F20B24A7000ED2471 /* Debug */ = {
			isa = XCBuildConfiguration;
			buildSettings = {
				ASSETCATALOG_COMPILER_APPICON_NAME = AppIcon;
				CODE_SIGN_STYLE = Automatic;
				INFOPLIST_FILE = "set-game/Info.plist";
				LD_RUNPATH_SEARCH_PATHS = (
					"$(inherited)",
					"@executable_path/Frameworks",
				);
				PRODUCT_BUNDLE_IDENTIFIER = "edu.byuh.fulei888.set-game.set-game";
				PRODUCT_NAME = "$(TARGET_NAME)";
				SWIFT_VERSION = 4.0;
				TARGETED_DEVICE_FAMILY = "1,2";
			};
			name = Debug;
		};
		BC1B1C2020B24A7000ED2471 /* Release */ = {
			isa = XCBuildConfiguration;
			buildSettings = {
				ASSETCATALOG_COMPILER_APPICON_NAME = AppIcon;
				CODE_SIGN_STYLE = Automatic;
				INFOPLIST_FILE = "set-game/Info.plist";
				LD_RUNPATH_SEARCH_PATHS = (
					"$(inherited)",
					"@executable_path/Frameworks",
				);
				PRODUCT_BUNDLE_IDENTIFIER = "edu.byuh.fulei888.set-game.set-game";
				PRODUCT_NAME = "$(TARGET_NAME)";
				SWIFT_VERSION = 4.0;
				TARGETED_DEVICE_FAMILY = "1,2";
			};
			name = Release;
		};
/* End XCBuildConfiguration section */

/* Begin XCConfigurationList section */
		BC1B1C0720B24A6E00ED2471 /* Build configuration list for PBXProject "set-game" */ = {
			isa = XCConfigurationList;
			buildConfigurations = (
				BC1B1C1C20B24A7000ED2471 /* Debug */,
				BC1B1C1D20B24A7000ED2471 /* Release */,
			);
			defaultConfigurationIsVisible = 0;
			defaultConfigurationName = Release;
		};
		BC1B1C1E20B24A7000ED2471 /* Build configuration list for PBXNativeTarget "set-game" */ = {
			isa = XCConfigurationList;
			buildConfigurations = (
				BC1B1C1F20B24A7000ED2471 /* Debug */,
				BC1B1C2020B24A7000ED2471 /* Release */,
			);
			defaultConfigurationIsVisible = 0;
			defaultConfigurationName = Release;
		};
/* End XCConfigurationList section */
	};
	rootObject = BC1B1C0420B24A6E00ED2471 /* Project object */;
}
